<?xml version="1.0" encoding="UTF-8" standalone="yes" ?>
<CodeBlocks_project_file>
	<FileVersion major="1" minor="6" />
	<Project>
		<Option title="prog1" />
		<Option pch_mode="2" />
		<Option compiler="gcc" />
		<Build>
			<Target title="Debug">
				<Option output="bin/Debug/prog1" prefix_auto="1" extension_auto="1" />
				<Option object_output="obj/Debug/" />
				<Option type="1" />
				<Option compiler="gcc" />
				<Compiler>
					<Add option="-g" />
				</Compiler>
			</Target>
			<Target title="Release">
				<Option output="bin/Release/prog1" prefix_auto="1" extension_auto="1" />
				<Option object_output="obj/Release/" />
				<Option type="0" />
				<Option compiler="gcc" />
				<Compiler>
					<Add option="-O2" />
				</Compiler>
				<Linker>
					<Add option="-s" />
				</Linker>
			</Target>
		</Build>
		<Compiler>
			<Add option="-Wall" />
			<Add directory="$(#sdl2.include)/SDL2" />
		</Compiler>
		<Linker>
			<Add library="mingw32" />
			<Add library="SDL2main" />
			<Add library="SDL2" />
			<Add library="SDL2_gfx" />
			<Add library="SDL2_image" />
			<Add library="SDL2_mixer" />
			<Add library="SDL2_ttf" />
			<Add library="user32" />
			<Add library="gdi32" />
			<Add library="winmm" />
			<Add library="dxguid" />
			<Add directory="$(#sdl2.lib)" />
		</Linker>
		<Unit filename="alapok.h" />
		<Unit filename="debugmalloc.h" />
		<Unit filename="diagram.c">
			<Option compilerVar="CC" />
		</Unit>
		<Unit filename="diagram.h" />
		<Unit filename="egyebek.c">
			<Option compilerVar="CC" />
		</Unit>
		<Unit filename="egyebek.h" />
		<Unit filename="fajlmuveletek.h" />
		<Unit filename="fajmuveletek.c">
			<Option compilerVar="CC" />
		</Unit>
		<Unit filename="hallgmuveletek.c">
			<Option compilerVar="CC" />
		</Unit>
		<Unit filename="hallgmuveletek.h" />
		<Unit filename="lista.c">
			<Option compilerVar="CC" />
		</Unit>
		<Unit filename="lista.h" />
		<Unit filename="main.c">
			<Option compilerVar="CC" />
		</Unit>
		<Unit filename="oktmuveletek.c">
			<Option compilerVar="CC" />
		</Unit>
		<Unit filename="oktmuveletek.h" />
		<Unit filename="szabalyosbemenet.c">
			<Option compilerVar="CC" />
		</Unit>
		<Unit filename="szabalyosbemenet.h" />
		<Extensions>
			<lib_finder disable_auto="1" />
		</Extensions>
	</Project>
</CodeBlocks_project_file>
